// !$*UTF8*$!
{
	archiveVersion = 1;
	classes = {
	};
	objectVersion = 46;
	objects = {

/* Begin PBXBuildFile section */
		1F35134216D83381006F5BE9 /* libSurvey.a in Frameworks */ = {isa = PBXBuildFile; fileRef = 1F35134116D83369006F5BE9 /* libSurvey.a */; };
		1FD3182F16D6BEDD004492B8 /* UIKit.framework in Frameworks */ = {isa = PBXBuildFile; fileRef = 1FD3182E16D6BEDD004492B8 /* UIKit.framework */; };
		1FD3183116D6BEDD004492B8 /* Foundation.framework in Frameworks */ = {isa = PBXBuildFile; fileRef = 1FD3183016D6BEDD004492B8 /* Foundation.framework */; };
		1FD3183316D6BEDD004492B8 /* CoreGraphics.framework in Frameworks */ = {isa = PBXBuildFile; fileRef = 1FD3183216D6BEDD004492B8 /* CoreGraphics.framework */; };
		1FD3183516D6BEDD004492B8 /* CoreData.framework in Frameworks */ = {isa = PBXBuildFile; fileRef = 1FD3183416D6BEDD004492B8 /* CoreData.framework */; };
		1FD3183B16D6BEDD004492B8 /* InfoPlist.strings in Resources */ = {isa = PBXBuildFile; fileRef = 1FD3183916D6BEDD004492B8 /* InfoPlist.strings */; };
		1FD3183D16D6BEDD004492B8 /* main.m in Sources */ = {isa = PBXBuildFile; fileRef = 1FD3183C16D6BEDD004492B8 /* main.m */; };
		1FD3184116D6BEDD004492B8 /* MSAppDelegate.m in Sources */ = {isa = PBXBuildFile; fileRef = 1FD3184016D6BEDD004492B8 /* MSAppDelegate.m */; };
		1FD3184316D6BEDD004492B8 /* Default.png in Resources */ = {isa = PBXBuildFile; fileRef = 1FD3184216D6BEDD004492B8 /* Default.png */; };
		1FD3184516D6BEDD004492B8 /* Default@2x.png in Resources */ = {isa = PBXBuildFile; fileRef = 1FD3184416D6BEDD004492B8 /* Default@2x.png */; };
		1FD3184716D6BEDD004492B8 /* Default-568h@2x.png in Resources */ = {isa = PBXBuildFile; fileRef = 1FD3184616D6BEDD004492B8 /* Default-568h@2x.png */; };
		1FD3184A16D6BEDD004492B8 /* MySurvey.xcdatamodeld in Sources */ = {isa = PBXBuildFile; fileRef = 1FD3184816D6BEDD004492B8 /* MySurvey.xcdatamodeld */; };
		1FD3185D16D6C05D004492B8 /* User.m in Sources */ = {isa = PBXBuildFile; fileRef = 1FD3185C16D6C05D004492B8 /* User.m */; };
		1FD3186116D6C13D004492B8 /* MSUserForm.m in Sources */ = {isa = PBXBuildFile; fileRef = 1FD3186016D6C13D004492B8 /* MSUserForm.m */; };
		1FD3186816D6C5B0004492B8 /* MSAddViewController.m in Sources */ = {isa = PBXBuildFile; fileRef = 1FD3186716D6C5B0004492B8 /* MSAddViewController.m */; };
/* End PBXBuildFile section */

/* Begin PBXContainerItemProxy section */
		1F35134016D83369006F5BE9 /* PBXContainerItemProxy */ = {
			isa = PBXContainerItemProxy;
			containerPortal = 1F35133B16D83368006F5BE9 /* Survey.xcodeproj */;
			proxyType = 2;
			remoteGlobalIDString = 082D3930162C825A00973067;
			remoteInfo = Survey;
		};
/* End PBXContainerItemProxy section */

/* Begin PBXFileReference section */
		1F35133B16D83368006F5BE9 /* Survey.xcodeproj */ = {isa = PBXFileReference; lastKnownFileType = "wrapper.pb-project"; name = Survey.xcodeproj; path = "../../../Desktop/Survey-master/Survey.xcodeproj"; sourceTree = "<group>"; };
		1FD3182B16D6BEDD004492B8 /* MySurvey.app */ = {isa = PBXFileReference; explicitFileType = wrapper.application; includeInIndex = 0; path = MySurvey.app; sourceTree = BUILT_PRODUCTS_DIR; };
		1FD3182E16D6BEDD004492B8 /* UIKit.framework */ = {isa = PBXFileReference; lastKnownFileType = wrapper.framework; name = UIKit.framework; path = System/Library/Frameworks/UIKit.framework; sourceTree = SDKROOT; };
		1FD3183016D6BEDD004492B8 /* Foundation.framework */ = {isa = PBXFileReference; lastKnownFileType = wrapper.framework; name = Foundation.framework; path = System/Library/Frameworks/Foundation.framework; sourceTree = SDKROOT; };
		1FD3183216D6BEDD004492B8 /* CoreGraphics.framework */ = {isa = PBXFileReference; lastKnownFileType = wrapper.framework; name = CoreGraphics.framework; path = System/Library/Frameworks/CoreGraphics.framework; sourceTree = SDKROOT; };
		1FD3183416D6BEDD004492B8 /* CoreData.framework */ = {isa = PBXFileReference; lastKnownFileType = wrapper.framework; name = CoreData.framework; path = System/Library/Frameworks/CoreData.framework; sourceTree = SDKROOT; };
		1FD3183816D6BEDD004492B8 /* MySurvey-Info.plist */ = {isa = PBXFileReference; lastKnownFileType = text.plist.xml; path = "MySurvey-Info.plist"; sourceTree = "<group>"; };
		1FD3183A16D6BEDD004492B8 /* en */ = {isa = PBXFileReference; lastKnownFileType = text.plist.strings; name = en; path = en.lproj/InfoPlist.strings; sourceTree = "<group>"; };
		1FD3183C16D6BEDD004492B8 /* main.m */ = {isa = PBXFileReference; lastKnownFileType = sourcecode.c.objc; path = main.m; sourceTree = "<group>"; };
		1FD3183E16D6BEDD004492B8 /* MySurvey-Prefix.pch */ = {isa = PBXFileReference; lastKnownFileType = sourcecode.c.h; path = "MySurvey-Prefix.pch"; sourceTree = "<group>"; };
		1FD3183F16D6BEDD004492B8 /* MSAppDelegate.h */ = {isa = PBXFileReference; lastKnownFileType = sourcecode.c.h; path = MSAppDelegate.h; sourceTree = "<group>"; };
		1FD3184016D6BEDD004492B8 /* MSAppDelegate.m */ = {isa = PBXFileReference; lastKnownFileType = sourcecode.c.objc; path = MSAppDelegate.m; sourceTree = "<group>"; };
		1FD3184216D6BEDD004492B8 /* Default.png */ = {isa = PBXFileReference; lastKnownFileType = image.png; path = Default.png; sourceTree = "<group>"; };
		1FD3184416D6BEDD004492B8 /* Default@2x.png */ = {isa = PBXFileReference; lastKnownFileType = image.png; path = "Default@2x.png"; sourceTree = "<group>"; };
		1FD3184616D6BEDD004492B8 /* Default-568h@2x.png */ = {isa = PBXFileReference; lastKnownFileType = image.png; path = "Default-568h@2x.png"; sourceTree = "<group>"; };
		1FD3184916D6BEDD004492B8 /* MySurvey.xcdatamodel */ = {isa = PBXFileReference; lastKnownFileType = wrapper.xcdatamodel; path = MySurvey.xcdatamodel; sourceTree = "<group>"; };
		1FD3185B16D6C05D004492B8 /* User.h */ = {isa = PBXFileReference; fileEncoding = 4; lastKnownFileType = sourcecode.c.h; path = User.h; sourceTree = SOURCE_ROOT; };
		1FD3185C16D6C05D004492B8 /* User.m */ = {isa = PBXFileReference; fileEncoding = 4; lastKnownFileType = sourcecode.c.objc; path = User.m; sourceTree = SOURCE_ROOT; };
		1FD3185F16D6C13D004492B8 /* MSUserForm.h */ = {isa = PBXFileReference; fileEncoding = 4; lastKnownFileType = sourcecode.c.h; path = MSUserForm.h; sourceTree = "<group>"; };
		1FD3186016D6C13D004492B8 /* MSUserForm.m */ = {isa = PBXFileReference; fileEncoding = 4; lastKnownFileType = sourcecode.c.objc; path = MSUserForm.m; sourceTree = "<group>"; };
		1FD3186616D6C5B0004492B8 /* MSAddViewController.h */ = {isa = PBXFileReference; fileEncoding = 4; lastKnownFileType = sourcecode.c.h; path = MSAddViewController.h; sourceTree = "<group>"; };
		1FD3186716D6C5B0004492B8 /* MSAddViewController.m */ = {isa = PBXFileReference; fileEncoding = 4; lastKnownFileType = sourcecode.c.objc; path = MSAddViewController.m; sourceTree = "<group>"; };
/* End PBXFileReference section */

/* Begin PBXFrameworksBuildPhase section */
		1FD3182816D6BEDD004492B8 /* Frameworks */ = {
			isa = PBXFrameworksBuildPhase;
			buildActionMask = 2147483647;
			files = (
				1F35134216D83381006F5BE9 /* libSurvey.a in Frameworks */,
				1FD3182F16D6BEDD004492B8 /* UIKit.framework in Frameworks */,
				1FD3183116D6BEDD004492B8 /* Foundation.framework in Frameworks */,
				1FD3183316D6BEDD004492B8 /* CoreGraphics.framework in Frameworks */,
				1FD3183516D6BEDD004492B8 /* CoreData.framework in Frameworks */,
			);
			runOnlyForDeploymentPostprocessing = 0;
		};
/* End PBXFrameworksBuildPhase section */

/* Begin PBXGroup section */
		1F35133C16D83368006F5BE9 /* Products */ = {
			isa = PBXGroup;
			children = (
				1F35134116D83369006F5BE9 /* libSurvey.a */,
			);
			name = Products;
			sourceTree = "<group>";
		};
		1FD3182216D6BEDD004492B8 = {
			isa = PBXGroup;
			children = (
				1FD3183616D6BEDD004492B8 /* MySurvey */,
				1FD3182D16D6BEDD004492B8 /* Frameworks */,
				1FD3182C16D6BEDD004492B8 /* Products */,
				1FD3185016D6BEE7004492B8 /* Submodules */,
			);
			sourceTree = "<group>";
		};
		1FD3182C16D6BEDD004492B8 /* Products */ = {
			isa = PBXGroup;
			children = (
				1FD3182B16D6BEDD004492B8 /* MySurvey.app */,
			);
			name = Products;
			sourceTree = "<group>";
		};
		1FD3182D16D6BEDD004492B8 /* Frameworks */ = {
			isa = PBXGroup;
			children = (
				1FD3182E16D6BEDD004492B8 /* UIKit.framework */,
				1FD3183016D6BEDD004492B8 /* Foundation.framework */,
				1FD3183216D6BEDD004492B8 /* CoreGraphics.framework */,
				1FD3183416D6BEDD004492B8 /* CoreData.framework */,
			);
			name = Frameworks;
			sourceTree = "<group>";
		};
		1FD3183616D6BEDD004492B8 /* MySurvey */ = {
			isa = PBXGroup;
			children = (
				1FD3186216D6C395004492B8 /* Controllers */,
				1FD3185E16D6C08F004492B8 /* Forms */,
				1FD3185A16D6C02D004492B8 /* Delegate */,
				1FD3185916D6C01D004492B8 /* Models */,
				1FD3183716D6BEDD004492B8 /* Supporting Files */,
			);
			path = MySurvey;
			sourceTree = "<group>";
		};
		1FD3183716D6BEDD004492B8 /* Supporting Files */ = {
			isa = PBXGroup;
			children = (
				1FD3183816D6BEDD004492B8 /* MySurvey-Info.plist */,
				1FD3183916D6BEDD004492B8 /* InfoPlist.strings */,
				1FD3183C16D6BEDD004492B8 /* main.m */,
				1FD3183E16D6BEDD004492B8 /* MySurvey-Prefix.pch */,
				1FD3184216D6BEDD004492B8 /* Default.png */,
				1FD3184416D6BEDD004492B8 /* Default@2x.png */,
				1FD3184616D6BEDD004492B8 /* Default-568h@2x.png */,
			);
			name = "Supporting Files";
			sourceTree = "<group>";
		};
		1FD3185016D6BEE7004492B8 /* Submodules */ = {
			isa = PBXGroup;
			children = (
				1F35133B16D83368006F5BE9 /* Survey.xcodeproj */,
			);
			name = Submodules;
			sourceTree = "<group>";
		};
		1FD3185916D6C01D004492B8 /* Models */ = {
			isa = PBXGroup;
			children = (
				1FD3184816D6BEDD004492B8 /* MySurvey.xcdatamodeld */,
				1FD3185B16D6C05D004492B8 /* User.h */,
				1FD3185C16D6C05D004492B8 /* User.m */,
			);
			name = Models;
			sourceTree = "<group>";
		};
		1FD3185A16D6C02D004492B8 /* Delegate */ = {
			isa = PBXGroup;
			children = (
				1FD3183F16D6BEDD004492B8 /* MSAppDelegate.h */,
				1FD3184016D6BEDD004492B8 /* MSAppDelegate.m */,
			);
			name = Delegate;
			sourceTree = "<group>";
		};
		1FD3185E16D6C08F004492B8 /* Forms */ = {
			isa = PBXGroup;
			children = (
				1FD3185F16D6C13D004492B8 /* MSUserForm.h */,
				1FD3186016D6C13D004492B8 /* MSUserForm.m */,
			);
			name = Forms;
			sourceTree = "<group>";
		};
		1FD3186216D6C395004492B8 /* Controllers */ = {
			isa = PBXGroup;
			children = (
				1FD3186616D6C5B0004492B8 /* MSAddViewController.h */,
				1FD3186716D6C5B0004492B8 /* MSAddViewController.m */,
			);
			name = Controllers;
			sourceTree = "<group>";
		};
/* End PBXGroup section */

/* Begin PBXNativeTarget section */
		1FD3182A16D6BEDD004492B8 /* MySurvey */ = {
			isa = PBXNativeTarget;
			buildConfigurationList = 1FD3184D16D6BEDD004492B8 /* Build configuration list for PBXNativeTarget "MySurvey" */;
			buildPhases = (
				1FD3182716D6BEDD004492B8 /* Sources */,
				1FD3182816D6BEDD004492B8 /* Frameworks */,
				1FD3182916D6BEDD004492B8 /* Resources */,
			);
			buildRules = (
			);
			dependencies = (
			);
			name = MySurvey;
			productName = MySurvey;
			productReference = 1FD3182B16D6BEDD004492B8 /* MySurvey.app */;
			productType = "com.apple.product-type.application";
		};
/* End PBXNativeTarget section */

/* Begin PBXProject section */
		1FD3182316D6BEDD004492B8 /* Project object */ = {
			isa = PBXProject;
			attributes = {
				CLASSPREFIX = MS;
				LastUpgradeCheck = 0460;
				ORGANIZATIONNAME = "Sidney Maestre";
			};
			buildConfigurationList = 1FD3182616D6BEDD004492B8 /* Build configuration list for PBXProject "MySurvey" */;
			compatibilityVersion = "Xcode 3.2";
			developmentRegion = English;
			hasScannedForEncodings = 0;
			knownRegions = (
				en,
			);
			mainGroup = 1FD3182216D6BEDD004492B8;
			productRefGroup = 1FD3182C16D6BEDD004492B8 /* Products */;
			projectDirPath = "";
			projectReferences = (
				{
					ProductGroup = 1F35133C16D83368006F5BE9 /* Products */;
					ProjectRef = 1F35133B16D83368006F5BE9 /* Survey.xcodeproj */;
				},
			);
			projectRoot = "";
			targets = (
				1FD3182A16D6BEDD004492B8 /* MySurvey */,
			);
		};
/* End PBXProject section */

/* Begin PBXReferenceProxy section */
		1F35134116D83369006F5BE9 /* libSurvey.a */ = {
			isa = PBXReferenceProxy;
			fileType = archive.ar;
			path = libSurvey.a;
			remoteRef = 1F35134016D83369006F5BE9 /* PBXContainerItemProxy */;
			sourceTree = BUILT_PRODUCTS_DIR;
		};
/* End PBXReferenceProxy section */

/* Begin PBXResourcesBuildPhase section */
		1FD3182916D6BEDD004492B8 /* Resources */ = {
			isa = PBXResourcesBuildPhase;
			buildActionMask = 2147483647;
			files = (
				1FD3183B16D6BEDD004492B8 /* InfoPlist.strings in Resources */,
				1FD3184316D6BEDD004492B8 /* Default.png in Resources */,
				1FD3184516D6BEDD004492B8 /* Default@2x.png in Resources */,
				1FD3184716D6BEDD004492B8 /* Default-568h@2x.png in Resources */,
			);
			runOnlyForDeploymentPostprocessing = 0;
		};
/* End PBXResourcesBuildPhase section */

/* Begin PBXSourcesBuildPhase section */
		1FD3182716D6BEDD004492B8 /* Sources */ = {
			isa = PBXSourcesBuildPhase;
			buildActionMask = 2147483647;
			files = (
				1FD3183D16D6BEDD004492B8 /* main.m in Sources */,
				1FD3184116D6BEDD004492B8 /* MSAppDelegate.m in Sources */,
				1FD3184A16D6BEDD004492B8 /* MySurvey.xcdatamodeld in Sources */,
				1FD3185D16D6C05D004492B8 /* User.m in Sources */,
				1FD3186116D6C13D004492B8 /* MSUserForm.m in Sources */,
				1FD3186816D6C5B0004492B8 /* MSAddViewController.m in Sources */,
			);
			runOnlyForDeploymentPostprocessing = 0;
		};
/* End PBXSourcesBuildPhase section */

/* Begin PBXVariantGroup section */
		1FD3183916D6BEDD004492B8 /* InfoPlist.strings */ = {
			isa = PBXVariantGroup;
			children = (
				1FD3183A16D6BEDD004492B8 /* en */,
			);
			name = InfoPlist.strings;
			sourceTree = "<group>";
		};
/* End PBXVariantGroup section */

/* Begin XCBuildConfiguration section */
		1FD3184B16D6BEDD004492B8 /* Debug */ = {
			isa = XCBuildConfiguration;
			buildSettings = {
				ALWAYS_SEARCH_USER_PATHS = NO;
				CLANG_CXX_LANGUAGE_STANDARD = "gnu++0x";
				CLANG_CXX_LIBRARY = "libc++";
				CLANG_ENABLE_OBJC_ARC = YES;
				CLANG_WARN_CONSTANT_CONVERSION = YES;
				CLANG_WARN_EMPTY_BODY = YES;
				CLANG_WARN_ENUM_CONVERSION = YES;
				CLANG_WARN_INT_CONVERSION = YES;
				CLANG_WARN__DUPLICATE_METHOD_MATCH = YES;
				"CODE_SIGN_IDENTITY[sdk=iphoneos*]" = "iPhone Developer";
				COPY_PHASE_STRIP = NO;
				GCC_C_LANGUAGE_STANDARD = gnu99;
				GCC_DYNAMIC_NO_PIC = NO;
				GCC_OPTIMIZATION_LEVEL = 0;
				GCC_PREPROCESSOR_DEFINITIONS = (
					"DEBUG=1",
					"$(inherited)",
				);
				GCC_SYMBOLS_PRIVATE_EXTERN = NO;
				GCC_WARN_ABOUT_RETURN_TYPE = YES;
				GCC_WARN_UNINITIALIZED_AUTOS = YES;
				GCC_WARN_UNUSED_VARIABLE = YES;
				IPHONEOS_DEPLOYMENT_TARGET = 6.1;
				ONLY_ACTIVE_ARCH = YES;
				SDKROOT = iphoneos;
			};
			name = Debug;
		};
		1FD3184C16D6BEDD004492B8 /* Release */ = {
			isa = XCBuildConfiguration;
			buildSettings = {
				ALWAYS_SEARCH_USER_PATHS = NO;
				CLANG_CXX_LANGUAGE_STANDARD = "gnu++0x";
				CLANG_CXX_LIBRARY = "libc++";
				CLANG_ENABLE_OBJC_ARC = YES;
				CLANG_WARN_CONSTANT_CONVERSION = YES;
				CLANG_WARN_EMPTY_BODY = YES;
				CLANG_WARN_ENUM_CONVERSION = YES;
				CLANG_WARN_INT_CONVERSION = YES;
				CLANG_WARN__DUPLICATE_METHOD_MATCH = YES;
				"CODE_SIGN_IDENTITY[sdk=iphoneos*]" = "iPhone Developer";
				COPY_PHASE_STRIP = YES;
				GCC_C_LANGUAGE_STANDARD = gnu99;
				GCC_WARN_ABOUT_RETURN_TYPE = YES;
				GCC_WARN_UNINITIALIZED_AUTOS = YES;
				GCC_WARN_UNUSED_VARIABLE = YES;
				IPHONEOS_DEPLOYMENT_TARGET = 6.1;
				OTHER_CFLAGS = "-DNS_BLOCK_ASSERTIONS=1";
				SDKROOT = iphoneos;
				VALIDATE_PRODUCT = YES;
			};
			name = Release;
		};
		1FD3184E16D6BEDD004492B8 /* Debug */ = {
			isa = XCBuildConfiguration;
			buildSettings = {
				GCC_PRECOMPILE_PREFIX_HEADER = YES;
				GCC_PREFIX_HEADER = "MySurvey/MySurvey-Prefix.pch";
				INFOPLIST_FILE = "MySurvey/MySurvey-Info.plist";
				PRODUCT_NAME = "$(TARGET_NAME)";
				WRAPPER_EXTENSION = app;
			};
			name = Debug;
		};
		1FD3184F16D6BEDD004492B8 /* Release */ = {
			isa = XCBuildConfiguration;
			buildSettings = {
				GCC_PRECOMPILE_PREFIX_HEADER = YES;
				GCC_PREFIX_HEADER = "MySurvey/MySurvey-Prefix.pch";
				INFOPLIST_FILE = "MySurvey/MySurvey-Info.plist";
				PRODUCT_NAME = "$(TARGET_NAME)";
				WRAPPER_EXTENSION = app;
			};
			name = Release;
		};
/* End XCBuildConfiguration section */

/* Begin XCConfigurationList section */
		1FD3182616D6BEDD004492B8 /* Build configuration list for PBXProject "MySurvey" */ = {
			isa = XCConfigurationList;
			buildConfigurations = (
				1FD3184B16D6BEDD004492B8 /* Debug */,
				1FD3184C16D6BEDD004492B8 /* Release */,
			);
			defaultConfigurationIsVisible = 0;
			defaultConfigurationName = Release;
		};
		1FD3184D16D6BEDD004492B8 /* Build configuration list for PBXNativeTarget "MySurvey" */ = {
			isa = XCConfigurationList;
			buildConfigurations = (
				1FD3184E16D6BEDD004492B8 /* Debug */,
				1FD3184F16D6BEDD004492B8 /* Release */,
			);
			defaultConfigurationIsVisible = 0;
			defaultConfigurationName = Release;
		};
/* End XCConfigurationList section */

/* Begin XCVersionGroup section */
		1FD3184816D6BEDD004492B8 /* MySurvey.xcdatamodeld */ = {
			isa = XCVersionGroup;
			children = (
				1FD3184916D6BEDD004492B8 /* MySurvey.xcdatamodel */,
			);
			currentVersion = 1FD3184916D6BEDD004492B8 /* MySurvey.xcdatamodel */;
			path = MySurvey.xcdatamodeld;
			sourceTree = "<group>";
			versionGroupType = wrapper.xcdatamodel;
		};
/* End XCVersionGroup section */
	};
	rootObject = 1FD3182316D6BEDD004492B8 /* Project object */;
}
